# The EarthSciAST commit that ./esm was built from. Written by build-esm.sh.
#
# ./esm itself is untracked (CLAUDE.md); this file is the checked-in record of
# which upstream tree produced it, so a fidelity result is attributable to a
# revision rather than to "whatever was on main that day". See build-esm.sh for
# why the feature and patch lines below matter -- both fail silently.

repo      = EarthSciAST
commit    = 973ee736067a137f7a3c457885300cd8d5417a72
subject   = fix(rust): round provider-fetched arrays on ingress
date      = 2026-09-01T19:19:19-05:00
version   = esm 0.2.0
features  = esio,parallel

# The EarthSciIO tree patched in over the crates.io 0.1.2 (same version
# number, different content -- the registry copy has no parquet reader).
esio_repo   = EarthSciIO
esio_commit = d109951d43aa25a3b5ed1596a48630e0374179fb
