# The EarthSciAST commit that ./esm was built from. Written by build-esm.sh.
#
# ./esm itself is untracked (CLAUDE.md); this file is the checked-in record of
# which upstream tree produced it, so a fidelity result is attributable to a
# revision rather than to "whatever was on main that day". See build-esm.sh for
# why the feature and patch lines below matter -- both fail silently.

repo      = EarthSciAST
commit    = b680f5301038da5065cc8ac3c1f8a14ac6f847d2
subject   = chore: regenerate api-surface.json and correct the discretized_from doc
date      = 2026-08-31T19:04:55-05:00
version   = esm 0.2.0
features  = esio,parallel

# The EarthSciIO tree patched in over the crates.io 0.1.2 (same version
# number, different content -- the registry copy has no parquet reader).
esio_repo   = EarthSciIO
esio_commit = 8e1df2280d7a3137144bce4e53c28807e5aaf003
