# The EarthSciAST commit that ./esm was built from. Written by build-esm.sh.
#
# ./esm itself is untracked (CLAUDE.md); this file is the checked-in record of
# which upstream tree produced it, so a fidelity result is attributable to a
# revision rather than to "whatever was on main that day". See build-esm.sh for
# why the feature and patch lines below matter -- both fail silently.

repo      = EarthSciAST
commit    = 3a01c56fcd18ab538879fe849cb2ec55c694eaf3
subject   = Merge origin/main into the F32 + BEHAV-11-007 line
date      = 2026-09-05T12:53:58-05:00
version   = esm 0.2.0
features  = esio,parallel

# The EarthSciIO tree patched in over the crates.io 0.1.2 (same version
# number, different content -- the registry copy has no parquet reader).
esio_repo   = EarthSciIO
esio_commit = not a git checkout
